
Microsoft Visual Studio Solution File, Format Version 12.00
# Visual Studio 14
VisualStudioVersion = 14.0.24720.0
MinimumVisualStudioVersion = 10.0.40219.1
Project("{FAE04EC0-301F-11D3-BF4B-00C04F79EFBC}") = "DeadSeaCosmeticsImportFromSite", "DeadSeaCosmeticsImport\DeadSeaCosmeticsImportFromSite.csproj", "{8533D301-BB7B-4C48-A1D0-4A7313EC161A}"
EndProject
Project("{FAE04EC0-301F-11D3-BF4B-00C04F79EFBC}") = "DeadSeaVKExport", "DeadSeaVKExport\DeadSeaVKExport.csproj", "{1F634AC9-93CC-45E0-A32C-991372F552C2}"
EndProject
Project("{FAE04EC0-301F-11D3-BF4B-00C04F79EFBC}") = "DeadSeaCatalogueDAL", "DeadSeaCatalogueDB\DeadSeaCatalogueDAL.csproj", "{F228E539-9344-49C9-878F-6BFBF102CD25}"
EndProject
Project("{FAE04EC0-301F-11D3-BF4B-00C04F79EFBC}") = "Logger", "Logger\Logger.csproj", "{EBCC61FB-6C66-45C7-B2DC-192201193364}"
EndProject
Project("{FAE04EC0-301F-11D3-BF4B-00C04F79EFBC}") = "DeadSeaWebAppScaffolding2", "DeadSeaWebAppScaffolding2\DeadSeaWebAppScaffolding2.csproj", "{D6544344-A1A5-4C05-B35A-C5A0EC0D0800}"
EndProject
Project("{FAE04EC0-301F-11D3-BF4B-00C04F79EFBC}") = "DeadSeaGoogleDoc", "DeadSeaGoogleDoc\DeadSeaGoogleDoc.csproj", "{47B3E5C3-E9EB-4853-B251-1B5C3B95C7AE}"
EndProject
Project("{F184B08F-C81C-45F6-A57F-5ABD9991F28F}") = "FuzzyHelper", "FuzzyHelper\FuzzyHelper.vbproj", "{D3C58F4D-C3D4-47A6-9100-02F257D7650E}"
EndProject
Global
	GlobalSection(SolutionConfigurationPlatforms) = preSolution
		Debug|Any CPU = Debug|Any CPU
		Release|Any CPU = Release|Any CPU
	EndGlobalSection
	GlobalSection(ProjectConfigurationPlatforms) = postSolution
		{8533D301-BB7B-4C48-A1D0-4A7313EC161A}.Debug|Any CPU.ActiveCfg = Debug|Any CPU
		{8533D301-BB7B-4C48-A1D0-4A7313EC161A}.Debug|Any CPU.Build.0 = Debug|Any CPU
		{8533D301-BB7B-4C48-A1D0-4A7313EC161A}.Release|Any CPU.ActiveCfg = Release|Any CPU
		{8533D301-BB7B-4C48-A1D0-4A7313EC161A}.Release|Any CPU.Build.0 = Release|Any CPU
		{1F634AC9-93CC-45E0-A32C-991372F552C2}.Debug|Any CPU.ActiveCfg = Debug|Any CPU
		{1F634AC9-93CC-45E0-A32C-991372F552C2}.Debug|Any CPU.Build.0 = Debug|Any CPU
		{1F634AC9-93CC-45E0-A32C-991372F552C2}.Release|Any CPU.ActiveCfg = Release|Any CPU
		{1F634AC9-93CC-45E0-A32C-991372F552C2}.Release|Any CPU.Build.0 = Release|Any CPU
		{F228E539-9344-49C9-878F-6BFBF102CD25}.Debug|Any CPU.ActiveCfg = Debug|Any CPU
		{F228E539-9344-49C9-878F-6BFBF102CD25}.Debug|Any CPU.Build.0 = Debug|Any CPU
		{F228E539-9344-49C9-878F-6BFBF102CD25}.Release|Any CPU.ActiveCfg = Release|Any CPU
		{F228E539-9344-49C9-878F-6BFBF102CD25}.Release|Any CPU.Build.0 = Release|Any CPU
		{EBCC61FB-6C66-45C7-B2DC-192201193364}.Debug|Any CPU.ActiveCfg = Debug|Any CPU
		{EBCC61FB-6C66-45C7-B2DC-192201193364}.Debug|Any CPU.Build.0 = Debug|Any CPU
		{EBCC61FB-6C66-45C7-B2DC-192201193364}.Release|Any CPU.ActiveCfg = Release|Any CPU
		{EBCC61FB-6C66-45C7-B2DC-192201193364}.Release|Any CPU.Build.0 = Release|Any CPU
		{D6544344-A1A5-4C05-B35A-C5A0EC0D0800}.Debug|Any CPU.ActiveCfg = Debug|Any CPU
		{D6544344-A1A5-4C05-B35A-C5A0EC0D0800}.Debug|Any CPU.Build.0 = Debug|Any CPU
		{D6544344-A1A5-4C05-B35A-C5A0EC0D0800}.Release|Any CPU.ActiveCfg = Release|Any CPU
		{D6544344-A1A5-4C05-B35A-C5A0EC0D0800}.Release|Any CPU.Build.0 = Release|Any CPU
		{47B3E5C3-E9EB-4853-B251-1B5C3B95C7AE}.Debug|Any CPU.ActiveCfg = Debug|Any CPU
		{47B3E5C3-E9EB-4853-B251-1B5C3B95C7AE}.Debug|Any CPU.Build.0 = Debug|Any CPU
		{47B3E5C3-E9EB-4853-B251-1B5C3B95C7AE}.Release|Any CPU.ActiveCfg = Release|Any CPU
		{47B3E5C3-E9EB-4853-B251-1B5C3B95C7AE}.Release|Any CPU.Build.0 = Release|Any CPU
		{D3C58F4D-C3D4-47A6-9100-02F257D7650E}.Debug|Any CPU.ActiveCfg = Debug|Any CPU
		{D3C58F4D-C3D4-47A6-9100-02F257D7650E}.Debug|Any CPU.Build.0 = Debug|Any CPU
		{D3C58F4D-C3D4-47A6-9100-02F257D7650E}.Release|Any CPU.ActiveCfg = Release|Any CPU
		{D3C58F4D-C3D4-47A6-9100-02F257D7650E}.Release|Any CPU.Build.0 = Release|Any CPU
	EndGlobalSection
	GlobalSection(SolutionProperties) = preSolution
		HideSolutionNode = FALSE
	EndGlobalSection
EndGlobal
